
Microsoft Visual Studio Solution File, Format Version 12.00
# Visual Studio Version 17
VisualStudioVersion = 17.4.33205.214
MinimumVisualStudioVersion = 10.0.40219.1
Project("{888888A0-9F3D-457C-B088-3A5042F75D52}") = "Pavel Smirnov", "Pavel Smirnov\Pavel Smirnov.pyproj", "{9B25B8CD-5CAF-431A-B960-B66346D9EA20}"
EndProject
Global
	GlobalSection(SolutionConfigurationPlatforms) = preSolution
		Debug|Any CPU = Debug|Any CPU
		Release|Any CPU = Release|Any CPU
	EndGlobalSection
	GlobalSection(ProjectConfigurationPlatforms) = postSolution
		{9B25B8CD-5CAF-431A-B960-B66346D9EA20}.Debug|Any CPU.ActiveCfg = Debug|Any CPU
		{9B25B8CD-5CAF-431A-B960-B66346D9EA20}.Release|Any CPU.ActiveCfg = Release|Any CPU
	EndGlobalSection
	GlobalSection(SolutionProperties) = preSolution
		HideSolutionNode = FALSE
	EndGlobalSection
	GlobalSection(ExtensibilityGlobals) = postSolution
		SolutionGuid = {BA8A46E1-93BE-4203-8512-E4DA3454023D}
	EndGlobalSection
EndGlobal
